// !$*UTF8*$!
{
	archiveVersion = 1;
	classes = {
	};
	objectVersion = 55;
	objects = {

/* Begin PBXBuildFile section */
		C378884D28801DD90027F578 /* AppDelegate.swift in Sources */ = {isa = PBXBuildFile; fileRef = C378884C28801DD90027F578 /* AppDelegate.swift */; };
		C378884F28801DD90027F578 /* SceneDelegate.swift in Sources */ = {isa = PBXBuildFile; fileRef = C378884E28801DD90027F578 /* SceneDelegate.swift */; };
		C378885428801DD90027F578 /* Main.storyboard in Resources */ = {isa = PBXBuildFile; fileRef = C378885228801DD90027F578 /* Main.storyboard */; };
		C378885628801DDA0027F578 /* Assets.xcassets in Resources */ = {isa = PBXBuildFile; fileRef = C378885528801DDA0027F578 /* Assets.xcassets */; };
		C378885928801DDA0027F578 /* LaunchScreen.storyboard in Resources */ = {isa = PBXBuildFile; fileRef = C378885728801DDA0027F578 /* LaunchScreen.storyboard */; };
		C378886128801FDA0027F578 /* PostsViewController.swift in Sources */ = {isa = PBXBuildFile; fileRef = C378886028801FDA0027F578 /* PostsViewController.swift */; };
		C3788867288020A40027F578 /* PostViewModel.swift in Sources */ = {isa = PBXBuildFile; fileRef = C3788866288020A40027F578 /* PostViewModel.swift */; };
		C378886C288020E10027F578 /* PostCell.swift in Sources */ = {isa = PBXBuildFile; fileRef = C378886A288020E10027F578 /* PostCell.swift */; };
		C378886D288020E10027F578 /* PostCell.xib in Resources */ = {isa = PBXBuildFile; fileRef = C378886B288020E10027F578 /* PostCell.xib */; };
		C37888772880318E0027F578 /* DataSource.swift in Sources */ = {isa = PBXBuildFile; fileRef = C37888762880318E0027F578 /* DataSource.swift */; };
		C378887928803AC40027F578 /* NetworkManager.swift in Sources */ = {isa = PBXBuildFile; fileRef = C378887828803AC40027F578 /* NetworkManager.swift */; };
		C378887C28803B890027F578 /* ErrorMessage.swift in Sources */ = {isa = PBXBuildFile; fileRef = C378887B28803B890027F578 /* ErrorMessage.swift */; };
/* End PBXBuildFile section */

/* Begin PBXFileReference section */
		C378884928801DD90027F578 /* Posts.app */ = {isa = PBXFileReference; explicitFileType = wrapper.application; includeInIndex = 0; path = Posts.app; sourceTree = BUILT_PRODUCTS_DIR; };
		C378884C28801DD90027F578 /* AppDelegate.swift */ = {isa = PBXFileReference; lastKnownFileType = sourcecode.swift; path = AppDelegate.swift; sourceTree = "<group>"; };
		C378884E28801DD90027F578 /* SceneDelegate.swift */ = {isa = PBXFileReference; lastKnownFileType = sourcecode.swift; path = SceneDelegate.swift; sourceTree = "<group>"; };
		C378885328801DD90027F578 /* Base */ = {isa = PBXFileReference; lastKnownFileType = file.storyboard; name = Base; path = Base.lproj/Main.storyboard; sourceTree = "<group>"; };
		C378885528801DDA0027F578 /* Assets.xcassets */ = {isa = PBXFileReference; lastKnownFileType = folder.assetcatalog; path = Assets.xcassets; sourceTree = "<group>"; };
		C378885828801DDA0027F578 /* Base */ = {isa = PBXFileReference; lastKnownFileType = file.storyboard; name = Base; path = Base.lproj/LaunchScreen.storyboard; sourceTree = "<group>"; };
		C378885A28801DDA0027F578 /* Info.plist */ = {isa = PBXFileReference; lastKnownFileType = text.plist.xml; path = Info.plist; sourceTree = "<group>"; };
		C378886028801FDA0027F578 /* PostsViewController.swift */ = {isa = PBXFileReference; lastKnownFileType = sourcecode.swift; path = PostsViewController.swift; sourceTree = "<group>"; };
		C3788866288020A40027F578 /* PostViewModel.swift */ = {isa = PBXFileReference; lastKnownFileType = sourcecode.swift; path = PostViewModel.swift; sourceTree = "<group>"; };
		C378886A288020E10027F578 /* PostCell.swift */ = {isa = PBXFileReference; lastKnownFileType = sourcecode.swift; path = PostCell.swift; sourceTree = "<group>"; };
		C378886B288020E10027F578 /* PostCell.xib */ = {isa = PBXFileReference; lastKnownFileType = file.xib; path = PostCell.xib; sourceTree = "<group>"; };
		C37888762880318E0027F578 /* DataSource.swift */ = {isa = PBXFileReference; lastKnownFileType = sourcecode.swift; path = DataSource.swift; sourceTree = "<group>"; };
		C378887828803AC40027F578 /* NetworkManager.swift */ = {isa = PBXFileReference; lastKnownFileType = sourcecode.swift; path = NetworkManager.swift; sourceTree = "<group>"; };
		C378887B28803B890027F578 /* ErrorMessage.swift */ = {isa = PBXFileReference; lastKnownFileType = sourcecode.swift; path = ErrorMessage.swift; sourceTree = "<group>"; };
/* End PBXFileReference section */

/* Begin PBXFrameworksBuildPhase section */
		C378884628801DD90027F578 /* Frameworks */ = {
			isa = PBXFrameworksBuildPhase;
			buildActionMask = 2147483647;
			files = (
			);
			runOnlyForDeploymentPostprocessing = 0;
		};
/* End PBXFrameworksBuildPhase section */

/* Begin PBXGroup section */
		C378884028801DD90027F578 = {
			isa = PBXGroup;
			children = (
				C378884B28801DD90027F578 /* Posts */,
				C378884A28801DD90027F578 /* Products */,
			);
			sourceTree = "<group>";
		};
		C378884A28801DD90027F578 /* Products */ = {
			isa = PBXGroup;
			children = (
				C378884928801DD90027F578 /* Posts.app */,
			);
			name = Products;
			sourceTree = "<group>";
		};
		C378884B28801DD90027F578 /* Posts */ = {
			isa = PBXGroup;
			children = (
				C378887A28803B620027F578 /* Utilities */,
				C3788874288031790027F578 /* Models */,
				C3788869288020B60027F578 /* Views */,
				C3788865288020820027F578 /* ViewModels */,
				C37888632880205F0027F578 /* ViewControllers */,
				C3788862288020260027F578 /* Storyboards */,
				C378884C28801DD90027F578 /* AppDelegate.swift */,
				C378884E28801DD90027F578 /* SceneDelegate.swift */,
				C378885528801DDA0027F578 /* Assets.xcassets */,
				C378885728801DDA0027F578 /* LaunchScreen.storyboard */,
				C378885A28801DDA0027F578 /* Info.plist */,
			);
			path = Posts;
			sourceTree = "<group>";
		};
		C3788862288020260027F578 /* Storyboards */ = {
			isa = PBXGroup;
			children = (
				C3788871288021850027F578 /* Posts */,
			);
			path = Storyboards;
			sourceTree = "<group>";
		};
		C37888632880205F0027F578 /* ViewControllers */ = {
			isa = PBXGroup;
			children = (
				C3788864288020680027F578 /* Posts */,
			);
			path = ViewControllers;
			sourceTree = "<group>";
		};
		C3788864288020680027F578 /* Posts */ = {
			isa = PBXGroup;
			children = (
				C378886028801FDA0027F578 /* PostsViewController.swift */,
			);
			path = Posts;
			sourceTree = "<group>";
		};
		C3788865288020820027F578 /* ViewModels */ = {
			isa = PBXGroup;
			children = (
				C3788868288020AE0027F578 /* Posts */,
			);
			path = ViewModels;
			sourceTree = "<group>";
		};
		C3788868288020AE0027F578 /* Posts */ = {
			isa = PBXGroup;
			children = (
				C3788866288020A40027F578 /* PostViewModel.swift */,
			);
			path = Posts;
			sourceTree = "<group>";
		};
		C3788869288020B60027F578 /* Views */ = {
			isa = PBXGroup;
			children = (
				C378886E288020E30027F578 /* Cells */,
			);
			path = Views;
			sourceTree = "<group>";
		};
		C378886E288020E30027F578 /* Cells */ = {
			isa = PBXGroup;
			children = (
				C3788870288021140027F578 /* TableViewCell */,
			);
			path = Cells;
			sourceTree = "<group>";
		};
		C378886F288020F80027F578 /* Post */ = {
			isa = PBXGroup;
			children = (
				C378886A288020E10027F578 /* PostCell.swift */,
				C378886B288020E10027F578 /* PostCell.xib */,
			);
			path = Post;
			sourceTree = "<group>";
		};
		C3788870288021140027F578 /* TableViewCell */ = {
			isa = PBXGroup;
			children = (
				C378886F288020F80027F578 /* Post */,
			);
			path = TableViewCell;
			sourceTree = "<group>";
		};
		C3788871288021850027F578 /* Posts */ = {
			isa = PBXGroup;
			children = (
				C378885228801DD90027F578 /* Main.storyboard */,
			);
			path = Posts;
			sourceTree = "<group>";
		};
		C3788874288031790027F578 /* Models */ = {
			isa = PBXGroup;
			children = (
				C37888752880317C0027F578 /* Posts */,
			);
			path = Models;
			sourceTree = "<group>";
		};
		C37888752880317C0027F578 /* Posts */ = {
			isa = PBXGroup;
			children = (
				C378887828803AC40027F578 /* NetworkManager.swift */,
				C37888762880318E0027F578 /* DataSource.swift */,
			);
			path = Posts;
			sourceTree = "<group>";
		};
		C378887A28803B620027F578 /* Utilities */ = {
			isa = PBXGroup;
			children = (
				C378887B28803B890027F578 /* ErrorMessage.swift */,
			);
			path = Utilities;
			sourceTree = "<group>";
		};
/* End PBXGroup section */

/* Begin PBXNativeTarget section */
		C378884828801DD90027F578 /* Posts */ = {
			isa = PBXNativeTarget;
			buildConfigurationList = C378885D28801DDA0027F578 /* Build configuration list for PBXNativeTarget "Posts" */;
			buildPhases = (
				C378884528801DD90027F578 /* Sources */,
				C378884628801DD90027F578 /* Frameworks */,
				C378884728801DD90027F578 /* Resources */,
			);
			buildRules = (
			);
			dependencies = (
			);
			name = Posts;
			productName = Posts;
			productReference = C378884928801DD90027F578 /* Posts.app */;
			productType = "com.apple.product-type.application";
		};
/* End PBXNativeTarget section */

/* Begin PBXProject section */
		C378884128801DD90027F578 /* Project object */ = {
			isa = PBXProject;
			attributes = {
				BuildIndependentTargetsInParallel = 1;
				LastSwiftUpdateCheck = 1300;
				LastUpgradeCheck = 1300;
				TargetAttributes = {
					C378884828801DD90027F578 = {
						CreatedOnToolsVersion = 13.0;
					};
				};
			};
			buildConfigurationList = C378884428801DD90027F578 /* Build configuration list for PBXProject "Posts" */;
			compatibilityVersion = "Xcode 13.0";
			developmentRegion = en;
			hasScannedForEncodings = 0;
			knownRegions = (
				en,
				Base,
			);
			mainGroup = C378884028801DD90027F578;
			productRefGroup = C378884A28801DD90027F578 /* Products */;
			projectDirPath = "";
			projectRoot = "";
			targets = (
				C378884828801DD90027F578 /* Posts */,
			);
		};
/* End PBXProject section */

/* Begin PBXResourcesBuildPhase section */
		C378884728801DD90027F578 /* Resources */ = {
			isa = PBXResourcesBuildPhase;
			buildActionMask = 2147483647;
			files = (
				C378885928801DDA0027F578 /* LaunchScreen.storyboard in Resources */,
				C378885628801DDA0027F578 /* Assets.xcassets in Resources */,
				C378885428801DD90027F578 /* Main.storyboard in Resources */,
				C378886D288020E10027F578 /* PostCell.xib in Resources */,
			);
			runOnlyForDeploymentPostprocessing = 0;
		};
/* End PBXResourcesBuildPhase section */

/* Begin PBXSourcesBuildPhase section */
		C378884528801DD90027F578 /* Sources */ = {
			isa = PBXSourcesBuildPhase;
			buildActionMask = 2147483647;
			files = (
				C3788867288020A40027F578 /* PostViewModel.swift in Sources */,
				C378886128801FDA0027F578 /* PostsViewController.swift in Sources */,
				C378884D28801DD90027F578 /* AppDelegate.swift in Sources */,
				C378887928803AC40027F578 /* NetworkManager.swift in Sources */,
				C378887C28803B890027F578 /* ErrorMessage.swift in Sources */,
				C37888772880318E0027F578 /* DataSource.swift in Sources */,
				C378884F28801DD90027F578 /* SceneDelegate.swift in Sources */,
				C378886C288020E10027F578 /* PostCell.swift in Sources */,
			);
			runOnlyForDeploymentPostprocessing = 0;
		};
/* End PBXSourcesBuildPhase section */

/* Begin PBXVariantGroup section */
		C378885228801DD90027F578 /* Main.storyboard */ = {
			isa = PBXVariantGroup;
			children = (
				C378885328801DD90027F578 /* Base */,
			);
			name = Main.storyboard;
			sourceTree = "<group>";
		};
		C378885728801DDA0027F578 /* LaunchScreen.storyboard */ = {
			isa = PBXVariantGroup;
			children = (
				C378885828801DDA0027F578 /* Base */,
			);
			name = LaunchScreen.storyboard;
			sourceTree = "<group>";
		};
/* End PBXVariantGroup section */

/* Begin XCBuildConfiguration section */
		C378885B28801DDA0027F578 /* Debug */ = {
			isa = XCBuildConfiguration;
			buildSettings = {
				ALWAYS_SEARCH_USER_PATHS = NO;
				CLANG_ANALYZER_NONNULL = YES;
				CLANG_ANALYZER_NUMBER_OBJECT_CONVERSION = YES_AGGRESSIVE;
				CLANG_CXX_LANGUAGE_STANDARD = "gnu++17";
				CLANG_CXX_LIBRARY = "libc++";
				CLANG_ENABLE_MODULES = YES;
				CLANG_ENABLE_OBJC_ARC = YES;
				CLANG_ENABLE_OBJC_WEAK = YES;
				CLANG_WARN_BLOCK_CAPTURE_AUTORELEASING = YES;
				CLANG_WARN_BOOL_CONVERSION = YES;
				CLANG_WARN_COMMA = YES;
				CLANG_WARN_CONSTANT_CONVERSION = YES;
				CLANG_WARN_DEPRECATED_OBJC_IMPLEMENTATIONS = YES;
				CLANG_WARN_DIRECT_OBJC_ISA_USAGE = YES_ERROR;
				CLANG_WARN_DOCUMENTATION_COMMENTS = YES;
				CLANG_WARN_EMPTY_BODY = YES;
				CLANG_WARN_ENUM_CONVERSION = YES;
				CLANG_WARN_INFINITE_RECURSION = YES;
				CLANG_WARN_INT_CONVERSION = YES;
				CLANG_WARN_NON_LITERAL_NULL_CONVERSION = YES;
				CLANG_WARN_OBJC_IMPLICIT_RETAIN_SELF = YES;
				CLANG_WARN_OBJC_LITERAL_CONVERSION = YES;
				CLANG_WARN_OBJC_ROOT_CLASS = YES_ERROR;
				CLANG_WARN_QUOTED_INCLUDE_IN_FRAMEWORK_HEADER = YES;
				CLANG_WARN_RANGE_LOOP_ANALYSIS = YES;
				CLANG_WARN_STRICT_PROTOTYPES = YES;
				CLANG_WARN_SUSPICIOUS_MOVE = YES;
				CLANG_WARN_UNGUARDED_AVAILABILITY = YES_AGGRESSIVE;
				CLANG_WARN_UNREACHABLE_CODE = YES;
				CLANG_WARN__DUPLICATE_METHOD_MATCH = YES;
				COPY_PHASE_STRIP = NO;
				DEBUG_INFORMATION_FORMAT = dwarf;
				ENABLE_STRICT_OBJC_MSGSEND = YES;
				ENABLE_TESTABILITY = YES;
				GCC_C_LANGUAGE_STANDARD = gnu11;
				GCC_DYNAMIC_NO_PIC = NO;
				GCC_NO_COMMON_BLOCKS = YES;
				GCC_OPTIMIZATION_LEVEL = 0;
				GCC_PREPROCESSOR_DEFINITIONS = (
					"DEBUG=1",
					"$(inherited)",
				);
				GCC_WARN_64_TO_32_BIT_CONVERSION = YES;
				GCC_WARN_ABOUT_RETURN_TYPE = YES_ERROR;
				GCC_WARN_UNDECLARED_SELECTOR = YES;
				GCC_WARN_UNINITIALIZED_AUTOS = YES_AGGRESSIVE;
				GCC_WARN_UNUSED_FUNCTION = YES;
				GCC_WARN_UNUSED_VARIABLE = YES;
				IPHONEOS_DEPLOYMENT_TARGET = 14.0;
				MTL_ENABLE_DEBUG_INFO = INCLUDE_SOURCE;
				MTL_FAST_MATH = YES;
				ONLY_ACTIVE_ARCH = YES;
				SDKROOT = iphoneos;
				SWIFT_ACTIVE_COMPILATION_CONDITIONS = DEBUG;
				SWIFT_OPTIMIZATION_LEVEL = "-Onone";
			};
			name = Debug;
		};
		C378885C28801DDA0027F578 /* Release */ = {
			isa = XCBuildConfiguration;
			buildSettings = {
				ALWAYS_SEARCH_USER_PATHS = NO;
				CLANG_ANALYZER_NONNULL = YES;
				CLANG_ANALYZER_NUMBER_OBJECT_CONVERSION = YES_AGGRESSIVE;
				CLANG_CXX_LANGUAGE_STANDARD = "gnu++17";
				CLANG_CXX_LIBRARY = "libc++";
				CLANG_ENABLE_MODULES = YES;
				CLANG_ENABLE_OBJC_ARC = YES;
				CLANG_ENABLE_OBJC_WEAK = YES;
				CLANG_WARN_BLOCK_CAPTURE_AUTORELEASING = YES;
				CLANG_WARN_BOOL_CONVERSION = YES;
				CLANG_WARN_COMMA = YES;
				CLANG_WARN_CONSTANT_CONVERSION = YES;
				CLANG_WARN_DEPRECATED_OBJC_IMPLEMENTATIONS = YES;
				CLANG_WARN_DIRECT_OBJC_ISA_USAGE = YES_ERROR;
				CLANG_WARN_DOCUMENTATION_COMMENTS = YES;
				CLANG_WARN_EMPTY_BODY = YES;
				CLANG_WARN_ENUM_CONVERSION = YES;
				CLANG_WARN_INFINITE_RECURSION = YES;
				CLANG_WARN_INT_CONVERSION = YES;
				CLANG_WARN_NON_LITERAL_NULL_CONVERSION = YES;
				CLANG_WARN_OBJC_IMPLICIT_RETAIN_SELF = YES;
				CLANG_WARN_OBJC_LITERAL_CONVERSION = YES;
				CLANG_WARN_OBJC_ROOT_CLASS = YES_ERROR;
				CLANG_WARN_QUOTED_INCLUDE_IN_FRAMEWORK_HEADER = YES;
				CLANG_WARN_RANGE_LOOP_ANALYSIS = YES;
				CLANG_WARN_STRICT_PROTOTYPES = YES;
				CLANG_WARN_SUSPICIOUS_MOVE = YES;
				CLANG_WARN_UNGUARDED_AVAILABILITY = YES_AGGRESSIVE;
				CLANG_WARN_UNREACHABLE_CODE = YES;
				CLANG_WARN__DUPLICATE_METHOD_MATCH = YES;
				COPY_PHASE_STRIP = NO;
				DEBUG_INFORMATION_FORMAT = "dwarf-with-dsym";
				ENABLE_NS_ASSERTIONS = NO;
				ENABLE_STRICT_OBJC_MSGSEND = YES;
				GCC_C_LANGUAGE_STANDARD = gnu11;
				GCC_NO_COMMON_BLOCKS = YES;
				GCC_WARN_64_TO_32_BIT_CONVERSION = YES;
				GCC_WARN_ABOUT_RETURN_TYPE = YES_ERROR;
				GCC_WARN_UNDECLARED_SELECTOR = YES;
				GCC_WARN_UNINITIALIZED_AUTOS = YES_AGGRESSIVE;
				GCC_WARN_UNUSED_FUNCTION = YES;
				GCC_WARN_UNUSED_VARIABLE = YES;
				IPHONEOS_DEPLOYMENT_TARGET = 14.0;
				MTL_ENABLE_DEBUG_INFO = NO;
				MTL_FAST_MATH = YES;
				SDKROOT = iphoneos;
				SWIFT_COMPILATION_MODE = wholemodule;
				SWIFT_OPTIMIZATION_LEVEL = "-O";
				VALIDATE_PRODUCT = YES;
			};
			name = Release;
		};
		C378885E28801DDA0027F578 /* Debug */ = {
			isa = XCBuildConfiguration;
			buildSettings = {
				ASSETCATALOG_COMPILER_APPICON_NAME = AppIcon;
				ASSETCATALOG_COMPILER_GLOBAL_ACCENT_COLOR_NAME = AccentColor;
				CODE_SIGN_STYLE = Automatic;
				CURRENT_PROJECT_VERSION = 1;
				DEVELOPMENT_TEAM = B7N93B75Y5;
				GENERATE_INFOPLIST_FILE = YES;
				INFOPLIST_FILE = Posts/Info.plist;
				INFOPLIST_KEY_UIApplicationSupportsIndirectInputEvents = YES;
				INFOPLIST_KEY_UILaunchStoryboardName = LaunchScreen;
				INFOPLIST_KEY_UIMainStoryboardFile = Main;
				INFOPLIST_KEY_UISupportedInterfaceOrientations = UIInterfaceOrientationPortrait;
				INFOPLIST_KEY_UISupportedInterfaceOrientations_iPad = "UIInterfaceOrientationPortrait UIInterfaceOrientationPortraitUpsideDown UIInterfaceOrientationLandscapeLeft UIInterfaceOrientationLandscapeRight";
				INFOPLIST_KEY_UISupportedInterfaceOrientations_iPhone = "UIInterfaceOrientationPortrait UIInterfaceOrientationLandscapeLeft UIInterfaceOrientationLandscapeRight";
				LD_RUNPATH_SEARCH_PATHS = (
					"$(inherited)",
					"@executable_path/Frameworks",
				);
				MARKETING_VERSION = 1.0;
				PRODUCT_BUNDLE_IDENTIFIER = ED.Posts;
				PRODUCT_NAME = "$(TARGET_NAME)";
				SWIFT_EMIT_LOC_STRINGS = YES;
				SWIFT_VERSION = 5.0;
				TARGETED_DEVICE_FAMILY = 1;
			};
			name = Debug;
		};
		C378885F28801DDA0027F578 /* Release */ = {
			isa = XCBuildConfiguration;
			buildSettings = {
				ASSETCATALOG_COMPILER_APPICON_NAME = AppIcon;
				ASSETCATALOG_COMPILER_GLOBAL_ACCENT_COLOR_NAME = AccentColor;
				CODE_SIGN_STYLE = Automatic;
				CURRENT_PROJECT_VERSION = 1;
				DEVELOPMENT_TEAM = B7N93B75Y5;
				GENERATE_INFOPLIST_FILE = YES;
				INFOPLIST_FILE = Posts/Info.plist;
				INFOPLIST_KEY_UIApplicationSupportsIndirectInputEvents = YES;
				INFOPLIST_KEY_UILaunchStoryboardName = LaunchScreen;
				INFOPLIST_KEY_UIMainStoryboardFile = Main;
				INFOPLIST_KEY_UISupportedInterfaceOrientations = UIInterfaceOrientationPortrait;
				INFOPLIST_KEY_UISupportedInterfaceOrientations_iPad = "UIInterfaceOrientationPortrait UIInterfaceOrientationPortraitUpsideDown UIInterfaceOrientationLandscapeLeft UIInterfaceOrientationLandscapeRight";
				INFOPLIST_KEY_UISupportedInterfaceOrientations_iPhone = "UIInterfaceOrientationPortrait UIInterfaceOrientationLandscapeLeft UIInterfaceOrientationLandscapeRight";
				LD_RUNPATH_SEARCH_PATHS = (
					"$(inherited)",
					"@executable_path/Frameworks",
				);
				MARKETING_VERSION = 1.0;
				PRODUCT_BUNDLE_IDENTIFIER = ED.Posts;
				PRODUCT_NAME = "$(TARGET_NAME)";
				SWIFT_EMIT_LOC_STRINGS = YES;
				SWIFT_VERSION = 5.0;
				TARGETED_DEVICE_FAMILY = 1;
			};
			name = Release;
		};
/* End XCBuildConfiguration section */

/* Begin XCConfigurationList section */
		C378884428801DD90027F578 /* Build configuration list for PBXProject "Posts" */ = {
			isa = XCConfigurationList;
			buildConfigurations = (
				C378885B28801DDA0027F578 /* Debug */,
				C378885C28801DDA0027F578 /* Release */,
			);
			defaultConfigurationIsVisible = 0;
			defaultConfigurationName = Release;
		};
		C378885D28801DDA0027F578 /* Build configuration list for PBXNativeTarget "Posts" */ = {
			isa = XCConfigurationList;
			buildConfigurations = (
				C378885E28801DDA0027F578 /* Debug */,
				C378885F28801DDA0027F578 /* Release */,
			);
			defaultConfigurationIsVisible = 0;
			defaultConfigurationName = Release;
		};
/* End XCConfigurationList section */
	};
	rootObject = C378884128801DD90027F578 /* Project object */;
}
